
Microsoft Visual Studio Solution File, Format Version 12.00
# Visual Studio 15
VisualStudioVersion = 15.0.27130.2026
MinimumVisualStudioVersion = 10.0.40219.1
Project("{FAE04EC0-301F-11D3-BF4B-00C04F79EFBC}") = "CRSTNative.Android", "CRSTNative\CRSTNative.Android\CRSTNative.Android.csproj", "{AC42C1CF-7434-400E-9AB0-CD0A70776A84}"
EndProject
Project("{FAE04EC0-301F-11D3-BF4B-00C04F79EFBC}") = "CRSTNative.iOS", "CRSTNative\CRSTNative.iOS\CRSTNative.iOS.csproj", "{2B06FC2D-4A75-4382-B0D9-9D51EB78EA2B}"
EndProject
Project("{9A19103F-16F7-4668-BE54-9A1E7A4F7556}") = "CRSTNative", "CRSTNative\CRSTNative\CRSTNative.csproj", "{7CE58D62-EB7A-42E9-9516-D6F5032B1A38}"
EndProject
Project("{2150E333-8FDC-42A3-9474-1A3956D46DE8}") = "ClientNative", "ClientNative", "{9246DC9B-BBF4-4E2F-B6D1-EC39540EBABC}"
EndProject
Project("{2150E333-8FDC-42A3-9474-1A3956D46DE8}") = "Client", "Client", "{8E35F352-B1B4-4ED9-A501-BB63CF20904B}"
EndProject
Project("{2150E333-8FDC-42A3-9474-1A3956D46DE8}") = "DataLayer", "DataLayer", "{2CB29DFD-8317-4D71-884E-CF97D1BEE5DD}"
EndProject
Project("{2150E333-8FDC-42A3-9474-1A3956D46DE8}") = "BusinessLayer", "BusinessLayer", "{704BB93B-532C-4509-9CF2-4A7A6C8AC718}"
EndProject
Project("{2150E333-8FDC-42A3-9474-1A3956D46DE8}") = "Infrastructure", "Infrastructure", "{5245C218-2695-4A89-B4BF-EA2D8D0B0244}"
EndProject
Project("{9A19103F-16F7-4668-BE54-9A1E7A4F7556}") = "CRSTNative.Infrastructure", "CRSTNative.Infrastructure\CRSTNative.Infrastructure.csproj", "{A6C30412-168B-4C05-B0B3-856CE25BE7A1}"
EndProject
Project("{FAE04EC0-301F-11D3-BF4B-00C04F79EFBC}") = "CRSTNative.Client.Infrastructure", "CRSTNative.Client.Infrastructure\CRSTNative.Client.Infrastructure\CRSTNative.Client.Infrastructure.csproj", "{0DACAEC3-B825-4625-B1DF-48DE8A88DBC0}"
EndProject
Project("{FAE04EC0-301F-11D3-BF4B-00C04F79EFBC}") = "CRSTNative.Localization", "CRSTNative.Localization\CRSTNative.Localization.csproj", "{A7BE5111-8CEC-49CC-A574-712CA08BEBD6}"
EndProject
Project("{FAE04EC0-301F-11D3-BF4B-00C04F79EFBC}") = "CRSTNative.General", "CRSTNative.General\CRSTNative.General.csproj", "{9445A002-DEE7-4F92-8C52-281604B26267}"
EndProject
Project("{FAE04EC0-301F-11D3-BF4B-00C04F79EFBC}") = "CRSTNative.Repositories", "CRSTNative.Repositories\CRSTNative.Repositories.csproj", "{76B3A8EA-1E77-42E5-9C88-848355C299E9}"
EndProject
Global
	GlobalSection(SolutionConfigurationPlatforms) = preSolution
		Ad-Hoc|Any CPU = Ad-Hoc|Any CPU
		Ad-Hoc|iPhone = Ad-Hoc|iPhone
		Ad-Hoc|iPhoneSimulator = Ad-Hoc|iPhoneSimulator
		AppStore|Any CPU = AppStore|Any CPU
		AppStore|iPhone = AppStore|iPhone
		AppStore|iPhoneSimulator = AppStore|iPhoneSimulator
		Debug|Any CPU = Debug|Any CPU
		Debug|iPhone = Debug|iPhone
		Debug|iPhoneSimulator = Debug|iPhoneSimulator
		Release|Any CPU = Release|Any CPU
		Release|iPhone = Release|iPhone
		Release|iPhoneSimulator = Release|iPhoneSimulator
	EndGlobalSection
	GlobalSection(ProjectConfigurationPlatforms) = postSolution
		{AC42C1CF-7434-400E-9AB0-CD0A70776A84}.Ad-Hoc|Any CPU.ActiveCfg = Release|Any CPU
		{AC42C1CF-7434-400E-9AB0-CD0A70776A84}.Ad-Hoc|Any CPU.Build.0 = Release|Any CPU
		{AC42C1CF-7434-400E-9AB0-CD0A70776A84}.Ad-Hoc|Any CPU.Deploy.0 = Release|Any CPU
		{AC42C1CF-7434-400E-9AB0-CD0A70776A84}.Ad-Hoc|iPhone.ActiveCfg = Release|Any CPU
		{AC42C1CF-7434-400E-9AB0-CD0A70776A84}.Ad-Hoc|iPhone.Build.0 = Release|Any CPU
		{AC42C1CF-7434-400E-9AB0-CD0A70776A84}.Ad-Hoc|iPhone.Deploy.0 = Release|Any CPU
		{AC42C1CF-7434-400E-9AB0-CD0A70776A84}.Ad-Hoc|iPhoneSimulator.ActiveCfg = Release|Any CPU
		{AC42C1CF-7434-400E-9AB0-CD0A70776A84}.Ad-Hoc|iPhoneSimulator.Build.0 = Release|Any CPU
		{AC42C1CF-7434-400E-9AB0-CD0A70776A84}.Ad-Hoc|iPhoneSimulator.Deploy.0 = Release|Any CPU
		{AC42C1CF-7434-400E-9AB0-CD0A70776A84}.AppStore|Any CPU.ActiveCfg = Release|Any CPU
		{AC42C1CF-7434-400E-9AB0-CD0A70776A84}.AppStore|Any CPU.Build.0 = Release|Any CPU
		{AC42C1CF-7434-400E-9AB0-CD0A70776A84}.AppStore|Any CPU.Deploy.0 = Release|Any CPU
		{AC42C1CF-7434-400E-9AB0-CD0A70776A84}.AppStore|iPhone.ActiveCfg = Release|Any CPU
		{AC42C1CF-7434-400E-9AB0-CD0A70776A84}.AppStore|iPhone.Build.0 = Release|Any CPU
		{AC42C1CF-7434-400E-9AB0-CD0A70776A84}.AppStore|iPhone.Deploy.0 = Release|Any CPU
		{AC42C1CF-7434-400E-9AB0-CD0A70776A84}.AppStore|iPhoneSimulator.ActiveCfg = Release|Any CPU
		{AC42C1CF-7434-400E-9AB0-CD0A70776A84}.AppStore|iPhoneSimulator.Build.0 = Release|Any CPU
		{AC42C1CF-7434-400E-9AB0-CD0A70776A84}.AppStore|iPhoneSimulator.Deploy.0 = Release|Any CPU
		{AC42C1CF-7434-400E-9AB0-CD0A70776A84}.Debug|Any CPU.ActiveCfg = Debug|Any CPU
		{AC42C1CF-7434-400E-9AB0-CD0A70776A84}.Debug|Any CPU.Build.0 = Debug|Any CPU
		{AC42C1CF-7434-400E-9AB0-CD0A70776A84}.Debug|Any CPU.Deploy.0 = Debug|Any CPU
		{AC42C1CF-7434-400E-9AB0-CD0A70776A84}.Debug|iPhone.ActiveCfg = Debug|Any CPU
		{AC42C1CF-7434-400E-9AB0-CD0A70776A84}.Debug|iPhone.Build.0 = Debug|Any CPU
		{AC42C1CF-7434-400E-9AB0-CD0A70776A84}.Debug|iPhone.Deploy.0 = Debug|Any CPU
		{AC42C1CF-7434-400E-9AB0-CD0A70776A84}.Debug|iPhoneSimulator.ActiveCfg = Debug|Any CPU
		{AC42C1CF-7434-400E-9AB0-CD0A70776A84}.Debug|iPhoneSimulator.Build.0 = Debug|Any CPU
		{AC42C1CF-7434-400E-9AB0-CD0A70776A84}.Debug|iPhoneSimulator.Deploy.0 = Debug|Any CPU
		{AC42C1CF-7434-400E-9AB0-CD0A70776A84}.Release|Any CPU.ActiveCfg = Release|Any CPU
		{AC42C1CF-7434-400E-9AB0-CD0A70776A84}.Release|Any CPU.Build.0 = Release|Any CPU
		{AC42C1CF-7434-400E-9AB0-CD0A70776A84}.Release|Any CPU.Deploy.0 = Release|Any CPU
		{AC42C1CF-7434-400E-9AB0-CD0A70776A84}.Release|iPhone.ActiveCfg = Release|Any CPU
		{AC42C1CF-7434-400E-9AB0-CD0A70776A84}.Release|iPhone.Build.0 = Release|Any CPU
		{AC42C1CF-7434-400E-9AB0-CD0A70776A84}.Release|iPhone.Deploy.0 = Release|Any CPU
		{AC42C1CF-7434-400E-9AB0-CD0A70776A84}.Release|iPhoneSimulator.ActiveCfg = Release|Any CPU
		{AC42C1CF-7434-400E-9AB0-CD0A70776A84}.Release|iPhoneSimulator.Build.0 = Release|Any CPU
		{AC42C1CF-7434-400E-9AB0-CD0A70776A84}.Release|iPhoneSimulator.Deploy.0 = Release|Any CPU
		{2B06FC2D-4A75-4382-B0D9-9D51EB78EA2B}.Ad-Hoc|Any CPU.ActiveCfg = Ad-Hoc|iPhone
		{2B06FC2D-4A75-4382-B0D9-9D51EB78EA2B}.Ad-Hoc|iPhone.ActiveCfg = Ad-Hoc|iPhone
		{2B06FC2D-4A75-4382-B0D9-9D51EB78EA2B}.Ad-Hoc|iPhone.Build.0 = Ad-Hoc|iPhone
		{2B06FC2D-4A75-4382-B0D9-9D51EB78EA2B}.Ad-Hoc|iPhoneSimulator.ActiveCfg = Ad-Hoc|iPhoneSimulator
		{2B06FC2D-4A75-4382-B0D9-9D51EB78EA2B}.Ad-Hoc|iPhoneSimulator.Build.0 = Ad-Hoc|iPhoneSimulator
		{2B06FC2D-4A75-4382-B0D9-9D51EB78EA2B}.AppStore|Any CPU.ActiveCfg = AppStore|iPhone
		{2B06FC2D-4A75-4382-B0D9-9D51EB78EA2B}.AppStore|iPhone.ActiveCfg = AppStore|iPhone
		{2B06FC2D-4A75-4382-B0D9-9D51EB78EA2B}.AppStore|iPhone.Build.0 = AppStore|iPhone
		{2B06FC2D-4A75-4382-B0D9-9D51EB78EA2B}.AppStore|iPhoneSimulator.ActiveCfg = AppStore|iPhoneSimulator
		{2B06FC2D-4A75-4382-B0D9-9D51EB78EA2B}.AppStore|iPhoneSimulator.Build.0 = AppStore|iPhoneSimulator
		{2B06FC2D-4A75-4382-B0D9-9D51EB78EA2B}.Debug|Any CPU.ActiveCfg = Debug|iPhone
		{2B06FC2D-4A75-4382-B0D9-9D51EB78EA2B}.Debug|iPhone.ActiveCfg = Debug|iPhone
		{2B06FC2D-4A75-4382-B0D9-9D51EB78EA2B}.Debug|iPhone.Build.0 = Debug|iPhone
		{2B06FC2D-4A75-4382-B0D9-9D51EB78EA2B}.Debug|iPhoneSimulator.ActiveCfg = Debug|iPhoneSimulator
		{2B06FC2D-4A75-4382-B0D9-9D51EB78EA2B}.Debug|iPhoneSimulator.Build.0 = Debug|iPhoneSimulator
		{2B06FC2D-4A75-4382-B0D9-9D51EB78EA2B}.Release|Any CPU.ActiveCfg = Release|iPhone
		{2B06FC2D-4A75-4382-B0D9-9D51EB78EA2B}.Release|iPhone.ActiveCfg = Release|iPhone
		{2B06FC2D-4A75-4382-B0D9-9D51EB78EA2B}.Release|iPhone.Build.0 = Release|iPhone
		{2B06FC2D-4A75-4382-B0D9-9D51EB78EA2B}.Release|iPhoneSimulator.ActiveCfg = Release|iPhoneSimulator
		{2B06FC2D-4A75-4382-B0D9-9D51EB78EA2B}.Release|iPhoneSimulator.Build.0 = Release|iPhoneSimulator
		{7CE58D62-EB7A-42E9-9516-D6F5032B1A38}.Ad-Hoc|Any CPU.ActiveCfg = Debug|Any CPU
		{7CE58D62-EB7A-42E9-9516-D6F5032B1A38}.Ad-Hoc|Any CPU.Build.0 = Debug|Any CPU
		{7CE58D62-EB7A-42E9-9516-D6F5032B1A38}.Ad-Hoc|iPhone.ActiveCfg = Debug|Any CPU
		{7CE58D62-EB7A-42E9-9516-D6F5032B1A38}.Ad-Hoc|iPhone.Build.0 = Debug|Any CPU
		{7CE58D62-EB7A-42E9-9516-D6F5032B1A38}.Ad-Hoc|iPhoneSimulator.ActiveCfg = Debug|Any CPU
		{7CE58D62-EB7A-42E9-9516-D6F5032B1A38}.Ad-Hoc|iPhoneSimulator.Build.0 = Debug|Any CPU
		{7CE58D62-EB7A-42E9-9516-D6F5032B1A38}.AppStore|Any CPU.ActiveCfg = Debug|Any CPU
		{7CE58D62-EB7A-42E9-9516-D6F5032B1A38}.AppStore|Any CPU.Build.0 = Debug|Any CPU
		{7CE58D62-EB7A-42E9-9516-D6F5032B1A38}.AppStore|iPhone.ActiveCfg = Debug|Any CPU
		{7CE58D62-EB7A-42E9-9516-D6F5032B1A38}.AppStore|iPhone.Build.0 = Debug|Any CPU
		{7CE58D62-EB7A-42E9-9516-D6F5032B1A38}.AppStore|iPhoneSimulator.ActiveCfg = Debug|Any CPU
		{7CE58D62-EB7A-42E9-9516-D6F5032B1A38}.AppStore|iPhoneSimulator.Build.0 = Debug|Any CPU
		{7CE58D62-EB7A-42E9-9516-D6F5032B1A38}.Debug|Any CPU.ActiveCfg = Debug|Any CPU
		{7CE58D62-EB7A-42E9-9516-D6F5032B1A38}.Debug|Any CPU.Build.0 = Debug|Any CPU
		{7CE58D62-EB7A-42E9-9516-D6F5032B1A38}.Debug|iPhone.ActiveCfg = Debug|Any CPU
		{7CE58D62-EB7A-42E9-9516-D6F5032B1A38}.Debug|iPhone.Build.0 = Debug|Any CPU
		{7CE58D62-EB7A-42E9-9516-D6F5032B1A38}.Debug|iPhoneSimulator.ActiveCfg = Debug|Any CPU
		{7CE58D62-EB7A-42E9-9516-D6F5032B1A38}.Debug|iPhoneSimulator.Build.0 = Debug|Any CPU
		{7CE58D62-EB7A-42E9-9516-D6F5032B1A38}.Release|Any CPU.ActiveCfg = Release|Any CPU
		{7CE58D62-EB7A-42E9-9516-D6F5032B1A38}.Release|Any CPU.Build.0 = Release|Any CPU
		{7CE58D62-EB7A-42E9-9516-D6F5032B1A38}.Release|iPhone.ActiveCfg = Release|Any CPU
		{7CE58D62-EB7A-42E9-9516-D6F5032B1A38}.Release|iPhone.Build.0 = Release|Any CPU
		{7CE58D62-EB7A-42E9-9516-D6F5032B1A38}.Release|iPhoneSimulator.ActiveCfg = Release|Any CPU
		{7CE58D62-EB7A-42E9-9516-D6F5032B1A38}.Release|iPhoneSimulator.Build.0 = Release|Any CPU
		{A6C30412-168B-4C05-B0B3-856CE25BE7A1}.Ad-Hoc|Any CPU.ActiveCfg = Debug|Any CPU
		{A6C30412-168B-4C05-B0B3-856CE25BE7A1}.Ad-Hoc|Any CPU.Build.0 = Debug|Any CPU
		{A6C30412-168B-4C05-B0B3-856CE25BE7A1}.Ad-Hoc|iPhone.ActiveCfg = Debug|Any CPU
		{A6C30412-168B-4C05-B0B3-856CE25BE7A1}.Ad-Hoc|iPhone.Build.0 = Debug|Any CPU
		{A6C30412-168B-4C05-B0B3-856CE25BE7A1}.Ad-Hoc|iPhoneSimulator.ActiveCfg = Debug|Any CPU
		{A6C30412-168B-4C05-B0B3-856CE25BE7A1}.Ad-Hoc|iPhoneSimulator.Build.0 = Debug|Any CPU
		{A6C30412-168B-4C05-B0B3-856CE25BE7A1}.AppStore|Any CPU.ActiveCfg = Debug|Any CPU
		{A6C30412-168B-4C05-B0B3-856CE25BE7A1}.AppStore|Any CPU.Build.0 = Debug|Any CPU
		{A6C30412-168B-4C05-B0B3-856CE25BE7A1}.AppStore|iPhone.ActiveCfg = Debug|Any CPU
		{A6C30412-168B-4C05-B0B3-856CE25BE7A1}.AppStore|iPhone.Build.0 = Debug|Any CPU
		{A6C30412-168B-4C05-B0B3-856CE25BE7A1}.AppStore|iPhoneSimulator.ActiveCfg = Debug|Any CPU
		{A6C30412-168B-4C05-B0B3-856CE25BE7A1}.AppStore|iPhoneSimulator.Build.0 = Debug|Any CPU
		{A6C30412-168B-4C05-B0B3-856CE25BE7A1}.Debug|Any CPU.ActiveCfg = Debug|Any CPU
		{A6C30412-168B-4C05-B0B3-856CE25BE7A1}.Debug|Any CPU.Build.0 = Debug|Any CPU
		{A6C30412-168B-4C05-B0B3-856CE25BE7A1}.Debug|iPhone.ActiveCfg = Debug|Any CPU
		{A6C30412-168B-4C05-B0B3-856CE25BE7A1}.Debug|iPhone.Build.0 = Debug|Any CPU
		{A6C30412-168B-4C05-B0B3-856CE25BE7A1}.Debug|iPhoneSimulator.ActiveCfg = Debug|Any CPU
		{A6C30412-168B-4C05-B0B3-856CE25BE7A1}.Debug|iPhoneSimulator.Build.0 = Debug|Any CPU
		{A6C30412-168B-4C05-B0B3-856CE25BE7A1}.Release|Any CPU.ActiveCfg = Release|Any CPU
		{A6C30412-168B-4C05-B0B3-856CE25BE7A1}.Release|Any CPU.Build.0 = Release|Any CPU
		{A6C30412-168B-4C05-B0B3-856CE25BE7A1}.Release|iPhone.ActiveCfg = Release|Any CPU
		{A6C30412-168B-4C05-B0B3-856CE25BE7A1}.Release|iPhone.Build.0 = Release|Any CPU
		{A6C30412-168B-4C05-B0B3-856CE25BE7A1}.Release|iPhoneSimulator.ActiveCfg = Release|Any CPU
		{A6C30412-168B-4C05-B0B3-856CE25BE7A1}.Release|iPhoneSimulator.Build.0 = Release|Any CPU
		{0DACAEC3-B825-4625-B1DF-48DE8A88DBC0}.Ad-Hoc|Any CPU.ActiveCfg = Debug|Any CPU
		{0DACAEC3-B825-4625-B1DF-48DE8A88DBC0}.Ad-Hoc|Any CPU.Build.0 = Debug|Any CPU
		{0DACAEC3-B825-4625-B1DF-48DE8A88DBC0}.Ad-Hoc|iPhone.ActiveCfg = Debug|Any CPU
		{0DACAEC3-B825-4625-B1DF-48DE8A88DBC0}.Ad-Hoc|iPhone.Build.0 = Debug|Any CPU
		{0DACAEC3-B825-4625-B1DF-48DE8A88DBC0}.Ad-Hoc|iPhoneSimulator.ActiveCfg = Debug|Any CPU
		{0DACAEC3-B825-4625-B1DF-48DE8A88DBC0}.Ad-Hoc|iPhoneSimulator.Build.0 = Debug|Any CPU
		{0DACAEC3-B825-4625-B1DF-48DE8A88DBC0}.AppStore|Any CPU.ActiveCfg = Debug|Any CPU
		{0DACAEC3-B825-4625-B1DF-48DE8A88DBC0}.AppStore|Any CPU.Build.0 = Debug|Any CPU
		{0DACAEC3-B825-4625-B1DF-48DE8A88DBC0}.AppStore|iPhone.ActiveCfg = Debug|Any CPU
		{0DACAEC3-B825-4625-B1DF-48DE8A88DBC0}.AppStore|iPhone.Build.0 = Debug|Any CPU
		{0DACAEC3-B825-4625-B1DF-48DE8A88DBC0}.AppStore|iPhoneSimulator.ActiveCfg = Debug|Any CPU
		{0DACAEC3-B825-4625-B1DF-48DE8A88DBC0}.AppStore|iPhoneSimulator.Build.0 = Debug|Any CPU
		{0DACAEC3-B825-4625-B1DF-48DE8A88DBC0}.Debug|Any CPU.ActiveCfg = Debug|Any CPU
		{0DACAEC3-B825-4625-B1DF-48DE8A88DBC0}.Debug|Any CPU.Build.0 = Debug|Any CPU
		{0DACAEC3-B825-4625-B1DF-48DE8A88DBC0}.Debug|iPhone.ActiveCfg = Debug|Any CPU
		{0DACAEC3-B825-4625-B1DF-48DE8A88DBC0}.Debug|iPhone.Build.0 = Debug|Any CPU
		{0DACAEC3-B825-4625-B1DF-48DE8A88DBC0}.Debug|iPhoneSimulator.ActiveCfg = Debug|Any CPU
		{0DACAEC3-B825-4625-B1DF-48DE8A88DBC0}.Debug|iPhoneSimulator.Build.0 = Debug|Any CPU
		{0DACAEC3-B825-4625-B1DF-48DE8A88DBC0}.Release|Any CPU.ActiveCfg = Release|Any CPU
		{0DACAEC3-B825-4625-B1DF-48DE8A88DBC0}.Release|Any CPU.Build.0 = Release|Any CPU
		{0DACAEC3-B825-4625-B1DF-48DE8A88DBC0}.Release|iPhone.ActiveCfg = Release|Any CPU
		{0DACAEC3-B825-4625-B1DF-48DE8A88DBC0}.Release|iPhone.Build.0 = Release|Any CPU
		{0DACAEC3-B825-4625-B1DF-48DE8A88DBC0}.Release|iPhoneSimulator.ActiveCfg = Release|Any CPU
		{0DACAEC3-B825-4625-B1DF-48DE8A88DBC0}.Release|iPhoneSimulator.Build.0 = Release|Any CPU
		{A7BE5111-8CEC-49CC-A574-712CA08BEBD6}.Ad-Hoc|Any CPU.ActiveCfg = Debug|Any CPU
		{A7BE5111-8CEC-49CC-A574-712CA08BEBD6}.Ad-Hoc|Any CPU.Build.0 = Debug|Any CPU
		{A7BE5111-8CEC-49CC-A574-712CA08BEBD6}.Ad-Hoc|iPhone.ActiveCfg = Debug|Any CPU
		{A7BE5111-8CEC-49CC-A574-712CA08BEBD6}.Ad-Hoc|iPhone.Build.0 = Debug|Any CPU
		{A7BE5111-8CEC-49CC-A574-712CA08BEBD6}.Ad-Hoc|iPhoneSimulator.ActiveCfg = Debug|Any CPU
		{A7BE5111-8CEC-49CC-A574-712CA08BEBD6}.Ad-Hoc|iPhoneSimulator.Build.0 = Debug|Any CPU
		{A7BE5111-8CEC-49CC-A574-712CA08BEBD6}.AppStore|Any CPU.ActiveCfg = Debug|Any CPU
		{A7BE5111-8CEC-49CC-A574-712CA08BEBD6}.AppStore|Any CPU.Build.0 = Debug|Any CPU
		{A7BE5111-8CEC-49CC-A574-712CA08BEBD6}.AppStore|iPhone.ActiveCfg = Debug|Any CPU
		{A7BE5111-8CEC-49CC-A574-712CA08BEBD6}.AppStore|iPhone.Build.0 = Debug|Any CPU
		{A7BE5111-8CEC-49CC-A574-712CA08BEBD6}.AppStore|iPhoneSimulator.ActiveCfg = Debug|Any CPU
		{A7BE5111-8CEC-49CC-A574-712CA08BEBD6}.AppStore|iPhoneSimulator.Build.0 = Debug|Any CPU
		{A7BE5111-8CEC-49CC-A574-712CA08BEBD6}.Debug|Any CPU.ActiveCfg = Debug|Any CPU
		{A7BE5111-8CEC-49CC-A574-712CA08BEBD6}.Debug|Any CPU.Build.0 = Debug|Any CPU
		{A7BE5111-8CEC-49CC-A574-712CA08BEBD6}.Debug|iPhone.ActiveCfg = Debug|Any CPU
		{A7BE5111-8CEC-49CC-A574-712CA08BEBD6}.Debug|iPhone.Build.0 = Debug|Any CPU
		{A7BE5111-8CEC-49CC-A574-712CA08BEBD6}.Debug|iPhoneSimulator.ActiveCfg = Debug|Any CPU
		{A7BE5111-8CEC-49CC-A574-712CA08BEBD6}.Debug|iPhoneSimulator.Build.0 = Debug|Any CPU
		{A7BE5111-8CEC-49CC-A574-712CA08BEBD6}.Release|Any CPU.ActiveCfg = Release|Any CPU
		{A7BE5111-8CEC-49CC-A574-712CA08BEBD6}.Release|Any CPU.Build.0 = Release|Any CPU
		{A7BE5111-8CEC-49CC-A574-712CA08BEBD6}.Release|iPhone.ActiveCfg = Release|Any CPU
		{A7BE5111-8CEC-49CC-A574-712CA08BEBD6}.Release|iPhone.Build.0 = Release|Any CPU
		{A7BE5111-8CEC-49CC-A574-712CA08BEBD6}.Release|iPhoneSimulator.ActiveCfg = Release|Any CPU
		{A7BE5111-8CEC-49CC-A574-712CA08BEBD6}.Release|iPhoneSimulator.Build.0 = Release|Any CPU
		{9445A002-DEE7-4F92-8C52-281604B26267}.Ad-Hoc|Any CPU.ActiveCfg = Debug|Any CPU
		{9445A002-DEE7-4F92-8C52-281604B26267}.Ad-Hoc|Any CPU.Build.0 = Debug|Any CPU
		{9445A002-DEE7-4F92-8C52-281604B26267}.Ad-Hoc|iPhone.ActiveCfg = Debug|Any CPU
		{9445A002-DEE7-4F92-8C52-281604B26267}.Ad-Hoc|iPhone.Build.0 = Debug|Any CPU
		{9445A002-DEE7-4F92-8C52-281604B26267}.Ad-Hoc|iPhoneSimulator.ActiveCfg = Debug|Any CPU
		{9445A002-DEE7-4F92-8C52-281604B26267}.Ad-Hoc|iPhoneSimulator.Build.0 = Debug|Any CPU
		{9445A002-DEE7-4F92-8C52-281604B26267}.AppStore|Any CPU.ActiveCfg = Debug|Any CPU
		{9445A002-DEE7-4F92-8C52-281604B26267}.AppStore|Any CPU.Build.0 = Debug|Any CPU
		{9445A002-DEE7-4F92-8C52-281604B26267}.AppStore|iPhone.ActiveCfg = Debug|Any CPU
		{9445A002-DEE7-4F92-8C52-281604B26267}.AppStore|iPhone.Build.0 = Debug|Any CPU
		{9445A002-DEE7-4F92-8C52-281604B26267}.AppStore|iPhoneSimulator.ActiveCfg = Debug|Any CPU
		{9445A002-DEE7-4F92-8C52-281604B26267}.AppStore|iPhoneSimulator.Build.0 = Debug|Any CPU
		{9445A002-DEE7-4F92-8C52-281604B26267}.Debug|Any CPU.ActiveCfg = Debug|Any CPU
		{9445A002-DEE7-4F92-8C52-281604B26267}.Debug|Any CPU.Build.0 = Debug|Any CPU
		{9445A002-DEE7-4F92-8C52-281604B26267}.Debug|iPhone.ActiveCfg = Debug|Any CPU
		{9445A002-DEE7-4F92-8C52-281604B26267}.Debug|iPhone.Build.0 = Debug|Any CPU
		{9445A002-DEE7-4F92-8C52-281604B26267}.Debug|iPhoneSimulator.ActiveCfg = Debug|Any CPU
		{9445A002-DEE7-4F92-8C52-281604B26267}.Debug|iPhoneSimulator.Build.0 = Debug|Any CPU
		{9445A002-DEE7-4F92-8C52-281604B26267}.Release|Any CPU.ActiveCfg = Release|Any CPU
		{9445A002-DEE7-4F92-8C52-281604B26267}.Release|Any CPU.Build.0 = Release|Any CPU
		{9445A002-DEE7-4F92-8C52-281604B26267}.Release|iPhone.ActiveCfg = Release|Any CPU
		{9445A002-DEE7-4F92-8C52-281604B26267}.Release|iPhone.Build.0 = Release|Any CPU
		{9445A002-DEE7-4F92-8C52-281604B26267}.Release|iPhoneSimulator.ActiveCfg = Release|Any CPU
		{9445A002-DEE7-4F92-8C52-281604B26267}.Release|iPhoneSimulator.Build.0 = Release|Any CPU
		{76B3A8EA-1E77-42E5-9C88-848355C299E9}.Ad-Hoc|Any CPU.ActiveCfg = Debug|Any CPU
		{76B3A8EA-1E77-42E5-9C88-848355C299E9}.Ad-Hoc|Any CPU.Build.0 = Debug|Any CPU
		{76B3A8EA-1E77-42E5-9C88-848355C299E9}.Ad-Hoc|iPhone.ActiveCfg = Debug|Any CPU
		{76B3A8EA-1E77-42E5-9C88-848355C299E9}.Ad-Hoc|iPhone.Build.0 = Debug|Any CPU
		{76B3A8EA-1E77-42E5-9C88-848355C299E9}.Ad-Hoc|iPhoneSimulator.ActiveCfg = Debug|Any CPU
		{76B3A8EA-1E77-42E5-9C88-848355C299E9}.Ad-Hoc|iPhoneSimulator.Build.0 = Debug|Any CPU
		{76B3A8EA-1E77-42E5-9C88-848355C299E9}.AppStore|Any CPU.ActiveCfg = Debug|Any CPU
		{76B3A8EA-1E77-42E5-9C88-848355C299E9}.AppStore|Any CPU.Build.0 = Debug|Any CPU
		{76B3A8EA-1E77-42E5-9C88-848355C299E9}.AppStore|iPhone.ActiveCfg = Debug|Any CPU
		{76B3A8EA-1E77-42E5-9C88-848355C299E9}.AppStore|iPhone.Build.0 = Debug|Any CPU
		{76B3A8EA-1E77-42E5-9C88-848355C299E9}.AppStore|iPhoneSimulator.ActiveCfg = Debug|Any CPU
		{76B3A8EA-1E77-42E5-9C88-848355C299E9}.AppStore|iPhoneSimulator.Build.0 = Debug|Any CPU
		{76B3A8EA-1E77-42E5-9C88-848355C299E9}.Debug|Any CPU.ActiveCfg = Debug|Any CPU
		{76B3A8EA-1E77-42E5-9C88-848355C299E9}.Debug|Any CPU.Build.0 = Debug|Any CPU
		{76B3A8EA-1E77-42E5-9C88-848355C299E9}.Debug|iPhone.ActiveCfg = Debug|Any CPU
		{76B3A8EA-1E77-42E5-9C88-848355C299E9}.Debug|iPhone.Build.0 = Debug|Any CPU
		{76B3A8EA-1E77-42E5-9C88-848355C299E9}.Debug|iPhoneSimulator.ActiveCfg = Debug|Any CPU
		{76B3A8EA-1E77-42E5-9C88-848355C299E9}.Debug|iPhoneSimulator.Build.0 = Debug|Any CPU
		{76B3A8EA-1E77-42E5-9C88-848355C299E9}.Release|Any CPU.ActiveCfg = Release|Any CPU
		{76B3A8EA-1E77-42E5-9C88-848355C299E9}.Release|Any CPU.Build.0 = Release|Any CPU
		{76B3A8EA-1E77-42E5-9C88-848355C299E9}.Release|iPhone.ActiveCfg = Release|Any CPU
		{76B3A8EA-1E77-42E5-9C88-848355C299E9}.Release|iPhone.Build.0 = Release|Any CPU
		{76B3A8EA-1E77-42E5-9C88-848355C299E9}.Release|iPhoneSimulator.ActiveCfg = Release|Any CPU
		{76B3A8EA-1E77-42E5-9C88-848355C299E9}.Release|iPhoneSimulator.Build.0 = Release|Any CPU
	EndGlobalSection
	GlobalSection(SolutionProperties) = preSolution
		HideSolutionNode = FALSE
	EndGlobalSection
	GlobalSection(NestedProjects) = preSolution
		{AC42C1CF-7434-400E-9AB0-CD0A70776A84} = {9246DC9B-BBF4-4E2F-B6D1-EC39540EBABC}
		{2B06FC2D-4A75-4382-B0D9-9D51EB78EA2B} = {9246DC9B-BBF4-4E2F-B6D1-EC39540EBABC}
		{7CE58D62-EB7A-42E9-9516-D6F5032B1A38} = {8E35F352-B1B4-4ED9-A501-BB63CF20904B}
		{A6C30412-168B-4C05-B0B3-856CE25BE7A1} = {5245C218-2695-4A89-B4BF-EA2D8D0B0244}
		{0DACAEC3-B825-4625-B1DF-48DE8A88DBC0} = {8E35F352-B1B4-4ED9-A501-BB63CF20904B}
		{A7BE5111-8CEC-49CC-A574-712CA08BEBD6} = {5245C218-2695-4A89-B4BF-EA2D8D0B0244}
		{9445A002-DEE7-4F92-8C52-281604B26267} = {2CB29DFD-8317-4D71-884E-CF97D1BEE5DD}
		{76B3A8EA-1E77-42E5-9C88-848355C299E9} = {2CB29DFD-8317-4D71-884E-CF97D1BEE5DD}
	EndGlobalSection
	GlobalSection(ExtensibilityGlobals) = postSolution
		SolutionGuid = {9D0C82D6-5B8B-4F5D-828C-821D08D63C1A}
	EndGlobalSection
EndGlobal
